
Microsoft Visual Studio Solution File, Format Version 12.00
# Visual Studio Version 17
VisualStudioVersion = 17.3.32929.385
MinimumVisualStudioVersion = 10.0.40219.1
Project("{9A19103F-16F7-4668-BE54-9A1E7A4F7556}") = "Library_API", "Library_API\Library_API.csproj", "{729A9EE7-8E61-4437-BB34-8A0299F5BD5F}"
EndProject
Project("{2150E333-8FDC-42A3-9474-1A3956D46DE8}") = "API", "API", "{47B5930D-65A2-451F-AEBE-CF72C7977B4C}"
EndProject
Project("{2150E333-8FDC-42A3-9474-1A3956D46DE8}") = "WEB", "WEB", "{BFDA8C2B-D5B5-42A7-92E9-4B73BDE76E30}"
EndProject
Project("{FAE04EC0-301F-11D3-BF4B-00C04F79EFBC}") = "Library_Web", "Library_Web\Library_Web.csproj", "{25B1E4BC-2BB2-403E-8306-B4701768E4ED}"
EndProject
Global
	GlobalSection(SolutionConfigurationPlatforms) = preSolution
		Debug|Any CPU = Debug|Any CPU
		Release|Any CPU = Release|Any CPU
	EndGlobalSection
	GlobalSection(ProjectConfigurationPlatforms) = postSolution
		{729A9EE7-8E61-4437-BB34-8A0299F5BD5F}.Debug|Any CPU.ActiveCfg = Debug|Any CPU
		{729A9EE7-8E61-4437-BB34-8A0299F5BD5F}.Debug|Any CPU.Build.0 = Debug|Any CPU
		{729A9EE7-8E61-4437-BB34-8A0299F5BD5F}.Release|Any CPU.ActiveCfg = Release|Any CPU
		{729A9EE7-8E61-4437-BB34-8A0299F5BD5F}.Release|Any CPU.Build.0 = Release|Any CPU
		{25B1E4BC-2BB2-403E-8306-B4701768E4ED}.Debug|Any CPU.ActiveCfg = Debug|Any CPU
		{25B1E4BC-2BB2-403E-8306-B4701768E4ED}.Debug|Any CPU.Build.0 = Debug|Any CPU
		{25B1E4BC-2BB2-403E-8306-B4701768E4ED}.Release|Any CPU.ActiveCfg = Release|Any CPU
		{25B1E4BC-2BB2-403E-8306-B4701768E4ED}.Release|Any CPU.Build.0 = Release|Any CPU
	EndGlobalSection
	GlobalSection(SolutionProperties) = preSolution
		HideSolutionNode = FALSE
	EndGlobalSection
	GlobalSection(NestedProjects) = preSolution
		{729A9EE7-8E61-4437-BB34-8A0299F5BD5F} = {47B5930D-65A2-451F-AEBE-CF72C7977B4C}
		{25B1E4BC-2BB2-403E-8306-B4701768E4ED} = {BFDA8C2B-D5B5-42A7-92E9-4B73BDE76E30}
	EndGlobalSection
	GlobalSection(ExtensibilityGlobals) = postSolution
		SolutionGuid = {37BEEAF0-863A-4837-9616-4131CCB63B2F}
	EndGlobalSection
EndGlobal
